
Microsoft Visual Studio Solution File, Format Version 12.00
# Visual Studio Version 16
VisualStudioVersion = 16.0.30011.22
MinimumVisualStudioVersion = 10.0.40219.1
Project("{2150E333-8FDC-42A3-9474-1A3956D46DE8}") = "Application", "Application", "{78A992A2-20DB-477C-BEC8-FE8FC7A5E4BA}"
EndProject
Project("{2150E333-8FDC-42A3-9474-1A3956D46DE8}") = "Domain", "Domain", "{F48FE52B-D629-4C1F-A968-227E48B8944F}"
EndProject
Project("{2150E333-8FDC-42A3-9474-1A3956D46DE8}") = "Infra.IoC", "Infra.IoC", "{55314CF8-B661-4749-AA21-32A2566C4F49}"
EndProject
Project("{2150E333-8FDC-42A3-9474-1A3956D46DE8}") = "Infra.Data", "Infra.Data", "{DF906CE6-0F35-433C-AF8F-3A370EE8FD7E}"
EndProject
Project("{2150E333-8FDC-42A3-9474-1A3956D46DE8}") = "Presentation", "Presentation", "{B24A7F6F-DD2A-4A9D-B588-A6A2FA84373E}"
EndProject
Project("{9A19103F-16F7-4668-BE54-9A1E7A4F7556}") = "CleanArch.MVC", "CleanArch.MVC\CleanArch.MVC.csproj", "{DB26E1A7-8277-4745-AF00-C3388A28E5FC}"
EndProject
Project("{9A19103F-16F7-4668-BE54-9A1E7A4F7556}") = "CleanArch.Domaain", "CleanArch.Domaain\CleanArch.Domaain.csproj", "{8A4475AE-38F7-4F2C-AF10-4D507F4CBDA0}"
EndProject
Project("{9A19103F-16F7-4668-BE54-9A1E7A4F7556}") = "CleanArch.Infra.Data", "CleanArch.Infra.Data\CleanArch.Infra.Data.csproj", "{D4A0E96E-A519-4D9E-830D-2F83969CB378}"
EndProject
Project("{9A19103F-16F7-4668-BE54-9A1E7A4F7556}") = "CleanArch.Application", "CleanArch.Application\CleanArch.Application.csproj", "{8EB78C20-2CA4-49DD-B212-FEEAE69C232F}"
EndProject
Project("{9A19103F-16F7-4668-BE54-9A1E7A4F7556}") = "CleanArch.Infra.IoC", "CleanArch.Infra.IoC\CleanArch.Infra.IoC.csproj", "{D666E891-827C-4D04-BD5A-2727FC02A53A}"
EndProject
Project("{2150E333-8FDC-42A3-9474-1A3956D46DE8}") = "Infra.Bus", "Infra.Bus", "{2C3782C2-3C41-43F8-979A-2D9693406705}"
EndProject
Project("{2150E333-8FDC-42A3-9474-1A3956D46DE8}") = "Api", "Api", "{4D9BA00E-1247-415A-8BFB-29C96F81A36A}"
EndProject
Project("{FAE04EC0-301F-11D3-BF4B-00C04F79EFBC}") = "CleanArch.Infra.Bus", "CleanArch.Infra.Bus\CleanArch.Infra.Bus.csproj", "{7E92C255-8F39-4CA3-BF58-A2F9440AC1F5}"
EndProject
Project("{FAE04EC0-301F-11D3-BF4B-00C04F79EFBC}") = "CleanArch.Domain.Core", "CleanArch.Domain.Core\CleanArch.Domain.Core.csproj", "{26F036B4-9AD8-4F5D-86B5-86E7589A1AAB}"
EndProject
Global
	GlobalSection(SolutionConfigurationPlatforms) = preSolution
		Debug|Any CPU = Debug|Any CPU
		Release|Any CPU = Release|Any CPU
	EndGlobalSection
	GlobalSection(ProjectConfigurationPlatforms) = postSolution
		{DB26E1A7-8277-4745-AF00-C3388A28E5FC}.Debug|Any CPU.ActiveCfg = Debug|Any CPU
		{DB26E1A7-8277-4745-AF00-C3388A28E5FC}.Debug|Any CPU.Build.0 = Debug|Any CPU
		{DB26E1A7-8277-4745-AF00-C3388A28E5FC}.Release|Any CPU.ActiveCfg = Release|Any CPU
		{DB26E1A7-8277-4745-AF00-C3388A28E5FC}.Release|Any CPU.Build.0 = Release|Any CPU
		{8A4475AE-38F7-4F2C-AF10-4D507F4CBDA0}.Debug|Any CPU.ActiveCfg = Debug|Any CPU
		{8A4475AE-38F7-4F2C-AF10-4D507F4CBDA0}.Debug|Any CPU.Build.0 = Debug|Any CPU
		{8A4475AE-38F7-4F2C-AF10-4D507F4CBDA0}.Release|Any CPU.ActiveCfg = Release|Any CPU
		{8A4475AE-38F7-4F2C-AF10-4D507F4CBDA0}.Release|Any CPU.Build.0 = Release|Any CPU
		{D4A0E96E-A519-4D9E-830D-2F83969CB378}.Debug|Any CPU.ActiveCfg = Debug|Any CPU
		{D4A0E96E-A519-4D9E-830D-2F83969CB378}.Debug|Any CPU.Build.0 = Debug|Any CPU
		{D4A0E96E-A519-4D9E-830D-2F83969CB378}.Release|Any CPU.ActiveCfg = Release|Any CPU
		{D4A0E96E-A519-4D9E-830D-2F83969CB378}.Release|Any CPU.Build.0 = Release|Any CPU
		{8EB78C20-2CA4-49DD-B212-FEEAE69C232F}.Debug|Any CPU.ActiveCfg = Debug|Any CPU
		{8EB78C20-2CA4-49DD-B212-FEEAE69C232F}.Debug|Any CPU.Build.0 = Debug|Any CPU
		{8EB78C20-2CA4-49DD-B212-FEEAE69C232F}.Release|Any CPU.ActiveCfg = Release|Any CPU
		{8EB78C20-2CA4-49DD-B212-FEEAE69C232F}.Release|Any CPU.Build.0 = Release|Any CPU
		{D666E891-827C-4D04-BD5A-2727FC02A53A}.Debug|Any CPU.ActiveCfg = Debug|Any CPU
		{D666E891-827C-4D04-BD5A-2727FC02A53A}.Debug|Any CPU.Build.0 = Debug|Any CPU
		{D666E891-827C-4D04-BD5A-2727FC02A53A}.Release|Any CPU.ActiveCfg = Release|Any CPU
		{D666E891-827C-4D04-BD5A-2727FC02A53A}.Release|Any CPU.Build.0 = Release|Any CPU
		{7E92C255-8F39-4CA3-BF58-A2F9440AC1F5}.Debug|Any CPU.ActiveCfg = Debug|Any CPU
		{7E92C255-8F39-4CA3-BF58-A2F9440AC1F5}.Debug|Any CPU.Build.0 = Debug|Any CPU
		{7E92C255-8F39-4CA3-BF58-A2F9440AC1F5}.Release|Any CPU.ActiveCfg = Release|Any CPU
		{7E92C255-8F39-4CA3-BF58-A2F9440AC1F5}.Release|Any CPU.Build.0 = Release|Any CPU
		{26F036B4-9AD8-4F5D-86B5-86E7589A1AAB}.Debug|Any CPU.ActiveCfg = Debug|Any CPU
		{26F036B4-9AD8-4F5D-86B5-86E7589A1AAB}.Debug|Any CPU.Build.0 = Debug|Any CPU
		{26F036B4-9AD8-4F5D-86B5-86E7589A1AAB}.Release|Any CPU.ActiveCfg = Release|Any CPU
		{26F036B4-9AD8-4F5D-86B5-86E7589A1AAB}.Release|Any CPU.Build.0 = Release|Any CPU
	EndGlobalSection
	GlobalSection(SolutionProperties) = preSolution
		HideSolutionNode = FALSE
	EndGlobalSection
	GlobalSection(NestedProjects) = preSolution
		{DB26E1A7-8277-4745-AF00-C3388A28E5FC} = {B24A7F6F-DD2A-4A9D-B588-A6A2FA84373E}
		{8A4475AE-38F7-4F2C-AF10-4D507F4CBDA0} = {F48FE52B-D629-4C1F-A968-227E48B8944F}
		{D4A0E96E-A519-4D9E-830D-2F83969CB378} = {DF906CE6-0F35-433C-AF8F-3A370EE8FD7E}
		{8EB78C20-2CA4-49DD-B212-FEEAE69C232F} = {78A992A2-20DB-477C-BEC8-FE8FC7A5E4BA}
		{D666E891-827C-4D04-BD5A-2727FC02A53A} = {55314CF8-B661-4749-AA21-32A2566C4F49}
		{7E92C255-8F39-4CA3-BF58-A2F9440AC1F5} = {2C3782C2-3C41-43F8-979A-2D9693406705}
		{26F036B4-9AD8-4F5D-86B5-86E7589A1AAB} = {F48FE52B-D629-4C1F-A968-227E48B8944F}
	EndGlobalSection
	GlobalSection(ExtensibilityGlobals) = postSolution
		SolutionGuid = {C4B02B84-D0C1-4044-A021-9A86096CDBCD}
	EndGlobalSection
EndGlobal
